github.com/davecgh/go-spew v1.1.2-0.20180830191138-d8f796af33cc h1:U9qPSI2PIWSS1VwoXQT9A3Wy9MM3WgvqSxFWenqJduM=
github.com/davecgh/go-spew v1.1.2-0.20180830191138-d8f796af33cc/go.mod h1:J7Y8YcW2NihsgmVo/mv3lAwl/skON4iLHjSsI+c5H38=
github.com/gorilla/rpc v1.2.1 h1:yC+LMV5esttgpVvNORL/xX4jvTTEUE30UZhZ5JF7K9k=
github.com/gorilla/rpc v1.2.1/go.mod h1:uNpOihAlF5xRFLuTYhfR0yfCTm0WTQSQttkMSptRfGk=
github.com/luxfi/constants v1.4.2 h1:hxp2cITYxNCKG3xOdjnEesOoCR4GI9Lb5RQ4120ke6E=
github.com/luxfi/constants v1.4.2/go.mod h1:xk+0eA7UY1GkHrmI7yqR+9LDe4TUe3p1VfRvs6cJbNM=
github.com/luxfi/crypto v1.17.38 h1:PZ52opsm3ECvyKsR2pLSsKONCey+FqpN0ZEwu+KMdO4=
github.com/luxfi/crypto v1.17.38/go.mod h1:G2t1GQvPsrwnzwyVEj0LQDuX2AWZVI5kEAPyVeicc5o=
github.com/luxfi/ids v1.2.9 h1:+yjdhXW99drnd2Zlp1u/p8k3G23W3/1btJQ4ogHawUI=
github.com/luxfi/ids v1.2.9/go.mod h1:khJOEdOPxd22yn0jcVrnbX1ADa0GHn5Y74gvCzN5BYc=
github.com/luxfi/math v0.1.4 h1:yPoXwHttm2M0HQ8a+SNZcN0MDz617en4+tyiQ9Iq8cA=
github.com/luxfi/math v0.1.4/go.mod h1:hGzbdMPfhX6zobJXz+Crja7AY9kHMqIL2L60kYUzyUc=
github.com/luxfi/mock v0.1.0 h1:IwElfNu+T9sXvzFX6tudPDx1vqPuACRSRdxpD5lxW+o=
github.com/luxfi/mock v0.1.0/go.mod h1:izF+9K0gGzFC9zERn6Po37v46eLdPB+EIsDjL3GLk+U=
github.com/luxfi/node v1.20.3 h1:T8zo9Q5hBDJ31t42t6SDHYhQcvIjfx0iIUAHQqTSYwo=
github.com/luxfi/node v1.20.3/go.mod h1:8+nlZVYI8dDBYxC4Bj7mqeL4rHrIQfoB+atVZhABtEA=
github.com/mr-tron/base58 v1.2.0 h1:T/HDJBh4ZCPbU39/+c3rRvE0uKBQlU27+QI8LJ4t64o=
github.com/mr-tron/base58 v1.2.0/go.mod h1:BinMc/sQntlIE1frQmRFPUoPA1Zkr8VRgBdjWI2mNwc=
github.com/pmezard/go-difflib v1.0.1-0.20181226105442-5d4384ee4fb2 h1:Jamvg5psRIccs7FGNTlIRMkT8wgtp5eCXdBlqhYGL6U=
github.com/pmezard/go-difflib v1.0.1-0.20181226105442-5d4384ee4fb2/go.mod h1:iKH77koFhYxTK1pcRnkKkqfTogsbg7gZNVY4sRDYZ/4=
github.com/sanity-io/litter v1.5.1 h1:dwnrSypP6q56o3lFxTU+t2fwQ9A+U5qrXVO4Qg9KwVU=
github.com/sanity-io/litter v1.5.1/go.mod h1:5Z71SvaYy5kcGtyglXOC9rrUi3c1E8CamFWjQsazTh0=
github.com/stretchr/testify v1.11.1 h1:7s2iGBzp5EwR7/aIZr8ao5+dra3wiQyKjjFuvgVKu7U=
github.com/stretchr/testify v1.11.1/go.mod h1:wZwfW3scLgRK+23gO65QZefKpKQRnfz6sD981Nm4B6U=
github.com/thepudds/fzgen v0.4.3 h1:srUP/34BulQaEwPP/uHZkdjUcUjIzL7Jkf4CBVryiP8=
github.com/thepudds/fzgen v0.4.3/go.mod h1:BhhwtRhzgvLWAjjcHDJ9pEiLD2Z9hrVIFjBCHJ//zJ4=
go.uber.org/mock v0.6.0 h1:hyF9dfmbgIX5EfOdasqLsWD6xqpNZlXblLB/Dbnwv3Y=
go.uber.org/mock v0.6.0/go.mod h1:KiVJ4BqZJaMj4svdfmHM0AUx4NJYO8ZNpPnZn1Z+BBU=
golang.org/x/crypto v0.46.0 h1:cKRW/pmt1pKAfetfu+RCEvjvZkA9RimPbh7bhFjGVBU=
golang.org/x/crypto v0.46.0/go.mod h1:Evb/oLKmMraqjZ2iQTwDwvCtJkczlDuTmdJXoZVzqU0=
golang.org/x/exp v0.0.0-20251219203646-944ab1f22d93 h1:fQsdNF2N+/YewlRZiricy4P1iimyPKZ/xwniHj8Q2a0=
golang.org/x/exp v0.0.0-20251219203646-944ab1f22d93/go.mod h1:EPRbTFwzwjXj9NpYyyrvenVh9Y+GFeEvMNh7Xuz7xgU=
gonum.org/v1/gonum v0.16.0 h1:5+ul4Swaf3ESvrOnidPp4GZbzf0mxVQpDCYUQE7OJfk=
gonum.org/v1/gonum v0.16.0/go.mod h1:fef3am4MQ93R2HHpKnLk4/Tbh/s0+wqD5nfa6Pnwy4E=
gopkg.in/yaml.v3 v3.0.1 h1:fxVm/GzAzEWqLHuvctI91KS9hhNmmWOoWu0XTYJS7CA=
gopkg.in/yaml.v3 v3.0.1/go.mod h1:K4uyk7z7BCEPqu6E+C64Yfv1cQ7kz7rIZviUmN+EgEM=
